
Microsoft Visual Studio Solution File, Format Version 12.00
# Visual Studio Version 16
VisualStudioVersion = 16.0.32002.261
MinimumVisualStudioVersion = 10.0.40219.1
Project("{8BC9CEB8-8B4A-11D0-8D11-00A0C91BC942}") = "OpenGLSample", "OpenGLSample\OpenGLSample.vcxproj", "{22239802-6F08-4A9A-9FF6-DD4D2D7CB8BD}"
EndProject
Project("{8BC9CEB8-8B4A-11D0-8D11-00A0C91BC942}") = "OpenGLPractice002", "OpenGLPractice002\OpenGLPractice002.vcxproj", "{180D4CC8-72AD-4DF3-B3C8-74108D007322}"
EndProject
Project("{8BC9CEB8-8B4A-11D0-8D11-00A0C91BC942}") = "OpenGLPractice003", "OpenGLPractice003\OpenGLPractice003.vcxproj", "{C0EB16E2-EA2D-4D3E-A175-F19E5038DDEB}"
EndProject
Project("{8BC9CEB8-8B4A-11D0-8D11-00A0C91BC942}") = "OpenGLPractice004", "OpenGLPractice004\OpenGLPractice004.vcxproj", "{59D147A4-53B9-4287-97F3-47BE171209D4}"
EndProject
Project("{8BC9CEB8-8B4A-11D0-8D11-00A0C91BC942}") = "OpenGLPractice005_Hello-Triangle", "OpenGLPractice005_Hello-Triangle\OpenGLPractice005_Hello-Triangle.vcxproj", "{A94C8E42-D8F5-4E8F-BA90-C5F770E11DA1}"
EndProject
Project("{8BC9CEB8-8B4A-11D0-8D11-00A0C91BC942}") = "OpenGLPractice006_Assignment_Module_2", "OpenGLPractice006_Hello-Triangle-2\OpenGLPractice006_Hello-Triangle-02.vcxproj", "{163A46D1-08DE-4D07-9091-4E8E636CFEB3}"
EndProject
Project("{8BC9CEB8-8B4A-11D0-8D11-00A0C91BC942}") = "OpenGLPractice007_Assignment_Module_3", "OpenGLPractice007_Module_3_Assignment\OpenGLPractice006_Module_3_Assignment.vcxproj", "{D0C4AEC1-D6DE-4A22-B52B-956754F7B33F}"
EndProject
Project("{8BC9CEB8-8B4A-11D0-8D11-00A0C91BC942}") = "OpenGLPractice008_Module_3_Translating", "OpenGLPractice008_Module_3_Translating\OpenGLPractice008_Module_3_Translating.vcxproj", "{82D9CABD-3A1D-4156-91E9-EED3C0C0C679}"
EndProject
Project("{8BC9CEB8-8B4A-11D0-8D11-00A0C91BC942}") = "OpenGLPractice009_Module_3_More-Translating", "OpenGLPractice009_Module_3_More-Translating\OpenGLPractice009_Module_3_More-Translating.vcxproj", "{53155CAB-6F7B-42CC-B8DC-D9B19AAFB2D0}"
EndProject
Project("{8BC9CEB8-8B4A-11D0-8D11-00A0C91BC942}") = "OpenGLPractice010_Module_3_Build-a-Pyramid", "OpenGLPractice010_Module_3_Build-a-Pyramid\OpenGLPractice010_Module_3_Build-a-Pyramid.vcxproj", "{8E4283BD-C2F6-4F2B-882E-BB6792A16DDB}"
EndProject
Project("{8BC9CEB8-8B4A-11D0-8D11-00A0C91BC942}") = "OpenGLPractice011_Module_3D-Scene", "OpenGLPractice011_Module_3_3D-Scene\OpenGLPractice011_Module_3_3D-Scene.vcxproj", "{716EAEA4-2F8A-418D-A256-F5D476FA3BA3}"
EndProject
Project("{8BC9CEB8-8B4A-11D0-8D11-00A0C91BC942}") = "OpenGLPractice012_Module_3_Cylinder", "OpenGLPractice012_Module_3_Cylinder\OpenGLPractice012_Module_3_Cylinder.vcxproj", "{F904ADB1-46B4-46C9-B2FB-F820058C91C9}"
EndProject
Project("{8BC9CEB8-8B4A-11D0-8D11-00A0C91BC942}") = "OpenGLSample2", "..\..\..\..\Downloads\CylinderExample\OpenGLSample\OpenGLSample2.vcxproj", "{108069AE-660A-4E2B-ADE5-58BBDD518D1F}"
EndProject
Project("{8BC9CEB8-8B4A-11D0-8D11-00A0C91BC942}") = "OpenGLPractice014_Module_5_Texture-a-Pyramid", "OpenGLPractice013_Module_4_Input\OpenGLPractice013_Module_4_Input.vcxproj", "{F4E7F862-F5C1-490F-91D1-56A2C8E15C6A}"
EndProject
Project("{8BC9CEB8-8B4A-11D0-8D11-00A0C91BC942}") = "tutorial_04_04", "..\..\CS_330_Class_Resources\module04\tutorial_04_04\tutorial_04_04.vcxproj", "{26E306C3-CB62-4A61-BDDF-8AD35883AC79}"
EndProject
Project("{8BC9CEB8-8B4A-11D0-8D11-00A0C91BC942}") = "OpenGLPractice013_Module_4_Input", "OpenGLPractice014_Module_5_Texture-a-Pyramid\OpenGLPractice014_Module_5_Texture-a-Pyramid.vcxproj", "{14A89E1D-2B80-4D9A-B0C8-B5D47EE977D8}"
EndProject
Project("{8BC9CEB8-8B4A-11D0-8D11-00A0C91BC942}") = "OpenGLPractice013_Module_4_Input", "OpenGLPractice015_Module_4_Assignement-4-3\OpenGLPractice015_Module_4_Assignement-4-3.vcxproj", "{4BD3B6E9-EBB6-4239-9740-12129187AE12}"
EndProject
Global
	GlobalSection(SolutionConfigurationPlatforms) = preSolution
		Debug|x64 = Debug|x64
		Debug|x86 = Debug|x86
		Release|x64 = Release|x64
		Release|x86 = Release|x86
	EndGlobalSection
	GlobalSection(ProjectConfigurationPlatforms) = postSolution
		{22239802-6F08-4A9A-9FF6-DD4D2D7CB8BD}.Debug|x64.ActiveCfg = Debug|x64
		{22239802-6F08-4A9A-9FF6-DD4D2D7CB8BD}.Debug|x64.Build.0 = Debug|x64
		{22239802-6F08-4A9A-9FF6-DD4D2D7CB8BD}.Debug|x86.ActiveCfg = Debug|Win32
		{22239802-6F08-4A9A-9FF6-DD4D2D7CB8BD}.Debug|x86.Build.0 = Debug|Win32
		{22239802-6F08-4A9A-9FF6-DD4D2D7CB8BD}.Release|x64.ActiveCfg = Release|x64
		{22239802-6F08-4A9A-9FF6-DD4D2D7CB8BD}.Release|x64.Build.0 = Release|x64
		{22239802-6F08-4A9A-9FF6-DD4D2D7CB8BD}.Release|x86.ActiveCfg = Release|Win32
		{22239802-6F08-4A9A-9FF6-DD4D2D7CB8BD}.Release|x86.Build.0 = Release|Win32
		{180D4CC8-72AD-4DF3-B3C8-74108D007322}.Debug|x64.ActiveCfg = Debug|x64
		{180D4CC8-72AD-4DF3-B3C8-74108D007322}.Debug|x64.Build.0 = Debug|x64
		{180D4CC8-72AD-4DF3-B3C8-74108D007322}.Debug|x86.ActiveCfg = Debug|Win32
		{180D4CC8-72AD-4DF3-B3C8-74108D007322}.Debug|x86.Build.0 = Debug|Win32
		{180D4CC8-72AD-4DF3-B3C8-74108D007322}.Release|x64.ActiveCfg = Release|x64
		{180D4CC8-72AD-4DF3-B3C8-74108D007322}.Release|x64.Build.0 = Release|x64
		{180D4CC8-72AD-4DF3-B3C8-74108D007322}.Release|x86.ActiveCfg = Release|Win32
		{180D4CC8-72AD-4DF3-B3C8-74108D007322}.Release|x86.Build.0 = Release|Win32
		{C0EB16E2-EA2D-4D3E-A175-F19E5038DDEB}.Debug|x64.ActiveCfg = Debug|x64
		{C0EB16E2-EA2D-4D3E-A175-F19E5038DDEB}.Debug|x64.Build.0 = Debug|x64
		{C0EB16E2-EA2D-4D3E-A175-F19E5038DDEB}.Debug|x86.ActiveCfg = Debug|Win32
		{C0EB16E2-EA2D-4D3E-A175-F19E5038DDEB}.Debug|x86.Build.0 = Debug|Win32
		{C0EB16E2-EA2D-4D3E-A175-F19E5038DDEB}.Release|x64.ActiveCfg = Release|x64
		{C0EB16E2-EA2D-4D3E-A175-F19E5038DDEB}.Release|x64.Build.0 = Release|x64
		{C0EB16E2-EA2D-4D3E-A175-F19E5038DDEB}.Release|x86.ActiveCfg = Release|Win32
		{C0EB16E2-EA2D-4D3E-A175-F19E5038DDEB}.Release|x86.Build.0 = Release|Win32
		{59D147A4-53B9-4287-97F3-47BE171209D4}.Debug|x64.ActiveCfg = Debug|x64
		{59D147A4-53B9-4287-97F3-47BE171209D4}.Debug|x64.Build.0 = Debug|x64
		{59D147A4-53B9-4287-97F3-47BE171209D4}.Debug|x86.ActiveCfg = Debug|Win32
		{59D147A4-53B9-4287-97F3-47BE171209D4}.Debug|x86.Build.0 = Debug|Win32
		{59D147A4-53B9-4287-97F3-47BE171209D4}.Release|x64.ActiveCfg = Release|x64
		{59D147A4-53B9-4287-97F3-47BE171209D4}.Release|x64.Build.0 = Release|x64
		{59D147A4-53B9-4287-97F3-47BE171209D4}.Release|x86.ActiveCfg = Release|Win32
		{59D147A4-53B9-4287-97F3-47BE171209D4}.Release|x86.Build.0 = Release|Win32
		{A94C8E42-D8F5-4E8F-BA90-C5F770E11DA1}.Debug|x64.ActiveCfg = Debug|x64
		{A94C8E42-D8F5-4E8F-BA90-C5F770E11DA1}.Debug|x64.Build.0 = Debug|x64
		{A94C8E42-D8F5-4E8F-BA90-C5F770E11DA1}.Debug|x86.ActiveCfg = Debug|Win32
		{A94C8E42-D8F5-4E8F-BA90-C5F770E11DA1}.Debug|x86.Build.0 = Debug|Win32
		{A94C8E42-D8F5-4E8F-BA90-C5F770E11DA1}.Release|x64.ActiveCfg = Release|x64
		{A94C8E42-D8F5-4E8F-BA90-C5F770E11DA1}.Release|x64.Build.0 = Release|x64
		{A94C8E42-D8F5-4E8F-BA90-C5F770E11DA1}.Release|x86.ActiveCfg = Release|Win32
		{A94C8E42-D8F5-4E8F-BA90-C5F770E11DA1}.Release|x86.Build.0 = Release|Win32
		{163A46D1-08DE-4D07-9091-4E8E636CFEB3}.Debug|x64.ActiveCfg = Debug|x64
		{163A46D1-08DE-4D07-9091-4E8E636CFEB3}.Debug|x64.Build.0 = Debug|x64
		{163A46D1-08DE-4D07-9091-4E8E636CFEB3}.Debug|x86.ActiveCfg = Debug|Win32
		{163A46D1-08DE-4D07-9091-4E8E636CFEB3}.Debug|x86.Build.0 = Debug|Win32
		{163A46D1-08DE-4D07-9091-4E8E636CFEB3}.Release|x64.ActiveCfg = Release|x64
		{163A46D1-08DE-4D07-9091-4E8E636CFEB3}.Release|x64.Build.0 = Release|x64
		{163A46D1-08DE-4D07-9091-4E8E636CFEB3}.Release|x86.ActiveCfg = Release|Win32
		{163A46D1-08DE-4D07-9091-4E8E636CFEB3}.Release|x86.Build.0 = Release|Win32
		{D0C4AEC1-D6DE-4A22-B52B-956754F7B33F}.Debug|x64.ActiveCfg = Debug|x64
		{D0C4AEC1-D6DE-4A22-B52B-956754F7B33F}.Debug|x64.Build.0 = Debug|x64
		{D0C4AEC1-D6DE-4A22-B52B-956754F7B33F}.Debug|x86.ActiveCfg = Debug|Win32
		{D0C4AEC1-D6DE-4A22-B52B-956754F7B33F}.Debug|x86.Build.0 = Debug|Win32
		{D0C4AEC1-D6DE-4A22-B52B-956754F7B33F}.Release|x64.ActiveCfg = Release|x64
		{D0C4AEC1-D6DE-4A22-B52B-956754F7B33F}.Release|x64.Build.0 = Release|x64
		{D0C4AEC1-D6DE-4A22-B52B-956754F7B33F}.Release|x86.ActiveCfg = Release|Win32
		{D0C4AEC1-D6DE-4A22-B52B-956754F7B33F}.Release|x86.Build.0 = Release|Win32
		{82D9CABD-3A1D-4156-91E9-EED3C0C0C679}.Debug|x64.ActiveCfg = Debug|x64
		{82D9CABD-3A1D-4156-91E9-EED3C0C0C679}.Debug|x64.Build.0 = Debug|x64
		{82D9CABD-3A1D-4156-91E9-EED3C0C0C679}.Debug|x86.ActiveCfg = Debug|Win32
		{82D9CABD-3A1D-4156-91E9-EED3C0C0C679}.Debug|x86.Build.0 = Debug|Win32
		{82D9CABD-3A1D-4156-91E9-EED3C0C0C679}.Release|x64.ActiveCfg = Release|x64
		{82D9CABD-3A1D-4156-91E9-EED3C0C0C679}.Release|x64.Build.0 = Release|x64
		{82D9CABD-3A1D-4156-91E9-EED3C0C0C679}.Release|x86.ActiveCfg = Release|Win32
		{82D9CABD-3A1D-4156-91E9-EED3C0C0C679}.Release|x86.Build.0 = Release|Win32
		{53155CAB-6F7B-42CC-B8DC-D9B19AAFB2D0}.Debug|x64.ActiveCfg = Debug|x64
		{53155CAB-6F7B-42CC-B8DC-D9B19AAFB2D0}.Debug|x64.Build.0 = Debug|x64
		{53155CAB-6F7B-42CC-B8DC-D9B19AAFB2D0}.Debug|x86.ActiveCfg = Debug|Win32
		{53155CAB-6F7B-42CC-B8DC-D9B19AAFB2D0}.Debug|x86.Build.0 = Debug|Win32
		{53155CAB-6F7B-42CC-B8DC-D9B19AAFB2D0}.Release|x64.ActiveCfg = Release|x64
		{53155CAB-6F7B-42CC-B8DC-D9B19AAFB2D0}.Release|x64.Build.0 = Release|x64
		{53155CAB-6F7B-42CC-B8DC-D9B19AAFB2D0}.Release|x86.ActiveCfg = Release|Win32
		{53155CAB-6F7B-42CC-B8DC-D9B19AAFB2D0}.Release|x86.Build.0 = Release|Win32
		{8E4283BD-C2F6-4F2B-882E-BB6792A16DDB}.Debug|x64.ActiveCfg = Debug|x64
		{8E4283BD-C2F6-4F2B-882E-BB6792A16DDB}.Debug|x64.Build.0 = Debug|x64
		{8E4283BD-C2F6-4F2B-882E-BB6792A16DDB}.Debug|x86.ActiveCfg = Debug|Win32
		{8E4283BD-C2F6-4F2B-882E-BB6792A16DDB}.Debug|x86.Build.0 = Debug|Win32
		{8E4283BD-C2F6-4F2B-882E-BB6792A16DDB}.Release|x64.ActiveCfg = Release|x64
		{8E4283BD-C2F6-4F2B-882E-BB6792A16DDB}.Release|x64.Build.0 = Release|x64
		{8E4283BD-C2F6-4F2B-882E-BB6792A16DDB}.Release|x86.ActiveCfg = Release|Win32
		{8E4283BD-C2F6-4F2B-882E-BB6792A16DDB}.Release|x86.Build.0 = Release|Win32
		{716EAEA4-2F8A-418D-A256-F5D476FA3BA3}.Debug|x64.ActiveCfg = Debug|x64
		{716EAEA4-2F8A-418D-A256-F5D476FA3BA3}.Debug|x64.Build.0 = Debug|x64
		{716EAEA4-2F8A-418D-A256-F5D476FA3BA3}.Debug|x86.ActiveCfg = Debug|Win32
		{716EAEA4-2F8A-418D-A256-F5D476FA3BA3}.Debug|x86.Build.0 = Debug|Win32
		{716EAEA4-2F8A-418D-A256-F5D476FA3BA3}.Release|x64.ActiveCfg = Release|x64
		{716EAEA4-2F8A-418D-A256-F5D476FA3BA3}.Release|x64.Build.0 = Release|x64
		{716EAEA4-2F8A-418D-A256-F5D476FA3BA3}.Release|x86.ActiveCfg = Release|Win32
		{716EAEA4-2F8A-418D-A256-F5D476FA3BA3}.Release|x86.Build.0 = Release|Win32
		{F904ADB1-46B4-46C9-B2FB-F820058C91C9}.Debug|x64.ActiveCfg = Debug|x64
		{F904ADB1-46B4-46C9-B2FB-F820058C91C9}.Debug|x64.Build.0 = Debug|x64
		{F904ADB1-46B4-46C9-B2FB-F820058C91C9}.Debug|x86.ActiveCfg = Debug|Win32
		{F904ADB1-46B4-46C9-B2FB-F820058C91C9}.Debug|x86.Build.0 = Debug|Win32
		{F904ADB1-46B4-46C9-B2FB-F820058C91C9}.Release|x64.ActiveCfg = Release|x64
		{F904ADB1-46B4-46C9-B2FB-F820058C91C9}.Release|x64.Build.0 = Release|x64
		{F904ADB1-46B4-46C9-B2FB-F820058C91C9}.Release|x86.ActiveCfg = Release|Win32
		{F904ADB1-46B4-46C9-B2FB-F820058C91C9}.Release|x86.Build.0 = Release|Win32
		{108069AE-660A-4E2B-ADE5-58BBDD518D1F}.Debug|x64.ActiveCfg = Debug|x64
		{108069AE-660A-4E2B-ADE5-58BBDD518D1F}.Debug|x64.Build.0 = Debug|x64
		{108069AE-660A-4E2B-ADE5-58BBDD518D1F}.Debug|x86.ActiveCfg = Debug|Win32
		{108069AE-660A-4E2B-ADE5-58BBDD518D1F}.Debug|x86.Build.0 = Debug|Win32
		{108069AE-660A-4E2B-ADE5-58BBDD518D1F}.Release|x64.ActiveCfg = Release|x64
		{108069AE-660A-4E2B-ADE5-58BBDD518D1F}.Release|x64.Build.0 = Release|x64
		{108069AE-660A-4E2B-ADE5-58BBDD518D1F}.Release|x86.ActiveCfg = Release|Win32
		{108069AE-660A-4E2B-ADE5-58BBDD518D1F}.Release|x86.Build.0 = Release|Win32
		{F4E7F862-F5C1-490F-91D1-56A2C8E15C6A}.Debug|x64.ActiveCfg = Debug|x64
		{F4E7F862-F5C1-490F-91D1-56A2C8E15C6A}.Debug|x64.Build.0 = Debug|x64
		{F4E7F862-F5C1-490F-91D1-56A2C8E15C6A}.Debug|x86.ActiveCfg = Debug|Win32
		{F4E7F862-F5C1-490F-91D1-56A2C8E15C6A}.Debug|x86.Build.0 = Debug|Win32
		{F4E7F862-F5C1-490F-91D1-56A2C8E15C6A}.Release|x64.ActiveCfg = Release|x64
		{F4E7F862-F5C1-490F-91D1-56A2C8E15C6A}.Release|x64.Build.0 = Release|x64
		{F4E7F862-F5C1-490F-91D1-56A2C8E15C6A}.Release|x86.ActiveCfg = Release|Win32
		{F4E7F862-F5C1-490F-91D1-56A2C8E15C6A}.Release|x86.Build.0 = Release|Win32
		{26E306C3-CB62-4A61-BDDF-8AD35883AC79}.Debug|x64.ActiveCfg = Debug|x64
		{26E306C3-CB62-4A61-BDDF-8AD35883AC79}.Debug|x64.Build.0 = Debug|x64
		{26E306C3-CB62-4A61-BDDF-8AD35883AC79}.Debug|x86.ActiveCfg = Debug|Win32
		{26E306C3-CB62-4A61-BDDF-8AD35883AC79}.Debug|x86.Build.0 = Debug|Win32
		{26E306C3-CB62-4A61-BDDF-8AD35883AC79}.Release|x64.ActiveCfg = Release|x64
		{26E306C3-CB62-4A61-BDDF-8AD35883AC79}.Release|x64.Build.0 = Release|x64
		{26E306C3-CB62-4A61-BDDF-8AD35883AC79}.Release|x86.ActiveCfg = Release|Win32
		{26E306C3-CB62-4A61-BDDF-8AD35883AC79}.Release|x86.Build.0 = Release|Win32
		{14A89E1D-2B80-4D9A-B0C8-B5D47EE977D8}.Debug|x64.ActiveCfg = Debug|x64
		{14A89E1D-2B80-4D9A-B0C8-B5D47EE977D8}.Debug|x64.Build.0 = Debug|x64
		{14A89E1D-2B80-4D9A-B0C8-B5D47EE977D8}.Debug|x86.ActiveCfg = Debug|Win32
		{14A89E1D-2B80-4D9A-B0C8-B5D47EE977D8}.Debug|x86.Build.0 = Debug|Win32
		{14A89E1D-2B80-4D9A-B0C8-B5D47EE977D8}.Release|x64.ActiveCfg = Release|x64
		{14A89E1D-2B80-4D9A-B0C8-B5D47EE977D8}.Release|x64.Build.0 = Release|x64
		{14A89E1D-2B80-4D9A-B0C8-B5D47EE977D8}.Release|x86.ActiveCfg = Release|Win32
		{14A89E1D-2B80-4D9A-B0C8-B5D47EE977D8}.Release|x86.Build.0 = Release|Win32
		{4BD3B6E9-EBB6-4239-9740-12129187AE12}.Debug|x64.ActiveCfg = Debug|x64
		{4BD3B6E9-EBB6-4239-9740-12129187AE12}.Debug|x64.Build.0 = Debug|x64
		{4BD3B6E9-EBB6-4239-9740-12129187AE12}.Debug|x86.ActiveCfg = Debug|Win32
		{4BD3B6E9-EBB6-4239-9740-12129187AE12}.Debug|x86.Build.0 = Debug|Win32
		{4BD3B6E9-EBB6-4239-9740-12129187AE12}.Release|x64.ActiveCfg = Release|x64
		{4BD3B6E9-EBB6-4239-9740-12129187AE12}.Release|x64.Build.0 = Release|x64
		{4BD3B6E9-EBB6-4239-9740-12129187AE12}.Release|x86.ActiveCfg = Release|Win32
		{4BD3B6E9-EBB6-4239-9740-12129187AE12}.Release|x86.Build.0 = Release|Win32
	EndGlobalSection
	GlobalSection(SolutionProperties) = preSolution
		HideSolutionNode = FALSE
	EndGlobalSection
	GlobalSection(ExtensibilityGlobals) = postSolution
		SolutionGuid = {345D71F1-9DC6-4405-BC70-A5AFCFA6CB02}
	EndGlobalSection
EndGlobal
