
Microsoft Visual Studio Solution File, Format Version 12.00
# Visual Studio Version 17
VisualStudioVersion = 17.1.32407.343
MinimumVisualStudioVersion = 10.0.40219.1
Project("{8BC9CEB8-8B4A-11D0-8D11-00A0C91BC942}") = "3-0 Translating", "OpenGLPractice008_Module_3_Translating\OpenGLPractice008_Module_3_Translating.vcxproj", "{82D9CABD-3A1D-4156-91E9-EED3C0C0C679}"
EndProject
Project("{8BC9CEB8-8B4A-11D0-8D11-00A0C91BC942}") = "0-1 OpenGl Practice", "0-1 OpenGl Practice\0-1 OpenGl Practice.vcxproj", "{106A23CD-0327-4444-9C69-F1B6B9AF4472}"
EndProject
Project("{8BC9CEB8-8B4A-11D0-8D11-00A0C91BC942}") = "0-2 OpenGL Quick Practice", "0-2 OpenGL Practice - Triangle Fan\0-2 OpenGL Practice - Triangle Fan.vcxproj", "{6F8A17C3-B75B-499A-AA62-0316168B3997}"
EndProject
Project("{8BC9CEB8-8B4A-11D0-8D11-00A0C91BC942}") = "0-3 OpenGl Practice Cylinder", "0-3 OpenGl Practice Cylinder\0-3 OpenGl Practice Cylinder.vcxproj", "{B98CE4CB-6255-4F12-B387-E6C56FFAD49F}"
EndProject
Project("{8BC9CEB8-8B4A-11D0-8D11-00A0C91BC942}") = "3-5 Milestone Building a 3D Scene", "3-5 Milestone 3D Scene\3-5 Milestone 3D Scene.vcxproj", "{288A13BB-797A-44FF-9B3E-CB190EF03FF7}"
EndProject
Project("{8BC9CEB8-8B4A-11D0-8D11-00A0C91BC942}") = "5-3 Texturing a Pyramid", "5-3 Assignment Texturing a Pyramid\5-3 Assignment Texturing a Pyramid.vcxproj", "{DE36718E-795A-41F9-8B62-F410FCD859BF}"
EndProject
Project("{8BC9CEB8-8B4A-11D0-8D11-00A0C91BC942}") = "2-2 2D Triangles", "2-2 2D Triangles\2-2 2D Triangles.vcxproj", "{82DCD062-B7DA-4E03-8F6A-56760C80EDAC}"
EndProject
Project("{8BC9CEB8-8B4A-11D0-8D11-00A0C91BC942}") = "2-2 Hello Triangles", "2-2 Hello Triangles\2-2 Hello Triangles.vcxproj", "{C5D52865-4C84-4D9C-AD7E-B8A5DE42A821}"
EndProject
Project("{8BC9CEB8-8B4A-11D0-8D11-00A0C91BC942}") = "1-1 OpenGl Sample", "1-1 OpenGl Sample\1-1 OpenGl Sample.vcxproj", "{29298CA9-CEF1-474E-8ED6-03A4B5256EEB}"
EndProject
Project("{8BC9CEB8-8B4A-11D0-8D11-00A0C91BC942}") = "3-3 Building a 3D Pyramid", "3-3 Building a 3D Pyramid\3-3 Building a 3D Pyramid.vcxproj", "{EC98F255-470F-4409-8945-99227386B193}"
EndProject
Project("{8BC9CEB8-8B4A-11D0-8D11-00A0C91BC942}") = "4-5 Interactivity in a 3D Scene", "4-5 Interactivity in a 3D Scene\4-5 Interactivity in a 3D Scene.vcxproj", "{68D6593E-3427-47FD-B61D-BEF11D34D4D6}"
EndProject
Project("{8BC9CEB8-8B4A-11D0-8D11-00A0C91BC942}") = "3-5 Beginning a 3D Scene", "OpenGLPractice011_Module_3_3D-Scene\OpenGLPractice011_Module_3_3D-Scene.vcxproj", "{716EAEA4-2F8A-418D-A256-F5D476FA3BA3}"
EndProject
Global
	GlobalSection(SolutionConfigurationPlatforms) = preSolution
		Debug|x64 = Debug|x64
		Debug|x86 = Debug|x86
		Release|x64 = Release|x64
		Release|x86 = Release|x86
	EndGlobalSection
	GlobalSection(ProjectConfigurationPlatforms) = postSolution
		{82D9CABD-3A1D-4156-91E9-EED3C0C0C679}.Debug|x64.ActiveCfg = Debug|x64
		{82D9CABD-3A1D-4156-91E9-EED3C0C0C679}.Debug|x64.Build.0 = Debug|x64
		{82D9CABD-3A1D-4156-91E9-EED3C0C0C679}.Debug|x86.ActiveCfg = Debug|Win32
		{82D9CABD-3A1D-4156-91E9-EED3C0C0C679}.Debug|x86.Build.0 = Debug|Win32
		{82D9CABD-3A1D-4156-91E9-EED3C0C0C679}.Release|x64.ActiveCfg = Release|x64
		{82D9CABD-3A1D-4156-91E9-EED3C0C0C679}.Release|x64.Build.0 = Release|x64
		{82D9CABD-3A1D-4156-91E9-EED3C0C0C679}.Release|x86.ActiveCfg = Release|Win32
		{82D9CABD-3A1D-4156-91E9-EED3C0C0C679}.Release|x86.Build.0 = Release|Win32
		{106A23CD-0327-4444-9C69-F1B6B9AF4472}.Debug|x64.ActiveCfg = Debug|x64
		{106A23CD-0327-4444-9C69-F1B6B9AF4472}.Debug|x64.Build.0 = Debug|x64
		{106A23CD-0327-4444-9C69-F1B6B9AF4472}.Debug|x86.ActiveCfg = Debug|Win32
		{106A23CD-0327-4444-9C69-F1B6B9AF4472}.Debug|x86.Build.0 = Debug|Win32
		{106A23CD-0327-4444-9C69-F1B6B9AF4472}.Release|x64.ActiveCfg = Release|x64
		{106A23CD-0327-4444-9C69-F1B6B9AF4472}.Release|x64.Build.0 = Release|x64
		{106A23CD-0327-4444-9C69-F1B6B9AF4472}.Release|x86.ActiveCfg = Release|Win32
		{106A23CD-0327-4444-9C69-F1B6B9AF4472}.Release|x86.Build.0 = Release|Win32
		{6F8A17C3-B75B-499A-AA62-0316168B3997}.Debug|x64.ActiveCfg = Debug|x64
		{6F8A17C3-B75B-499A-AA62-0316168B3997}.Debug|x64.Build.0 = Debug|x64
		{6F8A17C3-B75B-499A-AA62-0316168B3997}.Debug|x86.ActiveCfg = Debug|Win32
		{6F8A17C3-B75B-499A-AA62-0316168B3997}.Debug|x86.Build.0 = Debug|Win32
		{6F8A17C3-B75B-499A-AA62-0316168B3997}.Release|x64.ActiveCfg = Release|x64
		{6F8A17C3-B75B-499A-AA62-0316168B3997}.Release|x64.Build.0 = Release|x64
		{6F8A17C3-B75B-499A-AA62-0316168B3997}.Release|x86.ActiveCfg = Release|Win32
		{6F8A17C3-B75B-499A-AA62-0316168B3997}.Release|x86.Build.0 = Release|Win32
		{B98CE4CB-6255-4F12-B387-E6C56FFAD49F}.Debug|x64.ActiveCfg = Debug|x64
		{B98CE4CB-6255-4F12-B387-E6C56FFAD49F}.Debug|x64.Build.0 = Debug|x64
		{B98CE4CB-6255-4F12-B387-E6C56FFAD49F}.Debug|x86.ActiveCfg = Debug|Win32
		{B98CE4CB-6255-4F12-B387-E6C56FFAD49F}.Debug|x86.Build.0 = Debug|Win32
		{B98CE4CB-6255-4F12-B387-E6C56FFAD49F}.Release|x64.ActiveCfg = Release|x64
		{B98CE4CB-6255-4F12-B387-E6C56FFAD49F}.Release|x64.Build.0 = Release|x64
		{B98CE4CB-6255-4F12-B387-E6C56FFAD49F}.Release|x86.ActiveCfg = Release|Win32
		{B98CE4CB-6255-4F12-B387-E6C56FFAD49F}.Release|x86.Build.0 = Release|Win32
		{288A13BB-797A-44FF-9B3E-CB190EF03FF7}.Debug|x64.ActiveCfg = Debug|x64
		{288A13BB-797A-44FF-9B3E-CB190EF03FF7}.Debug|x64.Build.0 = Debug|x64
		{288A13BB-797A-44FF-9B3E-CB190EF03FF7}.Debug|x86.ActiveCfg = Debug|Win32
		{288A13BB-797A-44FF-9B3E-CB190EF03FF7}.Debug|x86.Build.0 = Debug|Win32
		{288A13BB-797A-44FF-9B3E-CB190EF03FF7}.Release|x64.ActiveCfg = Release|x64
		{288A13BB-797A-44FF-9B3E-CB190EF03FF7}.Release|x64.Build.0 = Release|x64
		{288A13BB-797A-44FF-9B3E-CB190EF03FF7}.Release|x86.ActiveCfg = Release|Win32
		{288A13BB-797A-44FF-9B3E-CB190EF03FF7}.Release|x86.Build.0 = Release|Win32
		{DE36718E-795A-41F9-8B62-F410FCD859BF}.Debug|x64.ActiveCfg = Debug|x64
		{DE36718E-795A-41F9-8B62-F410FCD859BF}.Debug|x64.Build.0 = Debug|x64
		{DE36718E-795A-41F9-8B62-F410FCD859BF}.Debug|x86.ActiveCfg = Debug|Win32
		{DE36718E-795A-41F9-8B62-F410FCD859BF}.Debug|x86.Build.0 = Debug|Win32
		{DE36718E-795A-41F9-8B62-F410FCD859BF}.Release|x64.ActiveCfg = Release|x64
		{DE36718E-795A-41F9-8B62-F410FCD859BF}.Release|x64.Build.0 = Release|x64
		{DE36718E-795A-41F9-8B62-F410FCD859BF}.Release|x86.ActiveCfg = Release|Win32
		{DE36718E-795A-41F9-8B62-F410FCD859BF}.Release|x86.Build.0 = Release|Win32
		{82DCD062-B7DA-4E03-8F6A-56760C80EDAC}.Debug|x64.ActiveCfg = Debug|x64
		{82DCD062-B7DA-4E03-8F6A-56760C80EDAC}.Debug|x64.Build.0 = Debug|x64
		{82DCD062-B7DA-4E03-8F6A-56760C80EDAC}.Debug|x86.ActiveCfg = Debug|Win32
		{82DCD062-B7DA-4E03-8F6A-56760C80EDAC}.Debug|x86.Build.0 = Debug|Win32
		{82DCD062-B7DA-4E03-8F6A-56760C80EDAC}.Release|x64.ActiveCfg = Release|x64
		{82DCD062-B7DA-4E03-8F6A-56760C80EDAC}.Release|x64.Build.0 = Release|x64
		{82DCD062-B7DA-4E03-8F6A-56760C80EDAC}.Release|x86.ActiveCfg = Release|Win32
		{82DCD062-B7DA-4E03-8F6A-56760C80EDAC}.Release|x86.Build.0 = Release|Win32
		{C5D52865-4C84-4D9C-AD7E-B8A5DE42A821}.Debug|x64.ActiveCfg = Debug|x64
		{C5D52865-4C84-4D9C-AD7E-B8A5DE42A821}.Debug|x64.Build.0 = Debug|x64
		{C5D52865-4C84-4D9C-AD7E-B8A5DE42A821}.Debug|x86.ActiveCfg = Debug|Win32
		{C5D52865-4C84-4D9C-AD7E-B8A5DE42A821}.Debug|x86.Build.0 = Debug|Win32
		{C5D52865-4C84-4D9C-AD7E-B8A5DE42A821}.Release|x64.ActiveCfg = Release|x64
		{C5D52865-4C84-4D9C-AD7E-B8A5DE42A821}.Release|x64.Build.0 = Release|x64
		{C5D52865-4C84-4D9C-AD7E-B8A5DE42A821}.Release|x86.ActiveCfg = Release|Win32
		{C5D52865-4C84-4D9C-AD7E-B8A5DE42A821}.Release|x86.Build.0 = Release|Win32
		{29298CA9-CEF1-474E-8ED6-03A4B5256EEB}.Debug|x64.ActiveCfg = Debug|x64
		{29298CA9-CEF1-474E-8ED6-03A4B5256EEB}.Debug|x64.Build.0 = Debug|x64
		{29298CA9-CEF1-474E-8ED6-03A4B5256EEB}.Debug|x86.ActiveCfg = Debug|Win32
		{29298CA9-CEF1-474E-8ED6-03A4B5256EEB}.Debug|x86.Build.0 = Debug|Win32
		{29298CA9-CEF1-474E-8ED6-03A4B5256EEB}.Release|x64.ActiveCfg = Release|x64
		{29298CA9-CEF1-474E-8ED6-03A4B5256EEB}.Release|x64.Build.0 = Release|x64
		{29298CA9-CEF1-474E-8ED6-03A4B5256EEB}.Release|x86.ActiveCfg = Release|Win32
		{29298CA9-CEF1-474E-8ED6-03A4B5256EEB}.Release|x86.Build.0 = Release|Win32
		{EC98F255-470F-4409-8945-99227386B193}.Debug|x64.ActiveCfg = Debug|x64
		{EC98F255-470F-4409-8945-99227386B193}.Debug|x64.Build.0 = Debug|x64
		{EC98F255-470F-4409-8945-99227386B193}.Debug|x86.ActiveCfg = Debug|Win32
		{EC98F255-470F-4409-8945-99227386B193}.Debug|x86.Build.0 = Debug|Win32
		{EC98F255-470F-4409-8945-99227386B193}.Release|x64.ActiveCfg = Release|x64
		{EC98F255-470F-4409-8945-99227386B193}.Release|x64.Build.0 = Release|x64
		{EC98F255-470F-4409-8945-99227386B193}.Release|x86.ActiveCfg = Release|Win32
		{EC98F255-470F-4409-8945-99227386B193}.Release|x86.Build.0 = Release|Win32
		{68D6593E-3427-47FD-B61D-BEF11D34D4D6}.Debug|x64.ActiveCfg = Debug|x64
		{68D6593E-3427-47FD-B61D-BEF11D34D4D6}.Debug|x64.Build.0 = Debug|x64
		{68D6593E-3427-47FD-B61D-BEF11D34D4D6}.Debug|x86.ActiveCfg = Debug|Win32
		{68D6593E-3427-47FD-B61D-BEF11D34D4D6}.Debug|x86.Build.0 = Debug|Win32
		{68D6593E-3427-47FD-B61D-BEF11D34D4D6}.Release|x64.ActiveCfg = Release|x64
		{68D6593E-3427-47FD-B61D-BEF11D34D4D6}.Release|x64.Build.0 = Release|x64
		{68D6593E-3427-47FD-B61D-BEF11D34D4D6}.Release|x86.ActiveCfg = Release|Win32
		{68D6593E-3427-47FD-B61D-BEF11D34D4D6}.Release|x86.Build.0 = Release|Win32
		{716EAEA4-2F8A-418D-A256-F5D476FA3BA3}.Debug|x64.ActiveCfg = Debug|x64
		{716EAEA4-2F8A-418D-A256-F5D476FA3BA3}.Debug|x64.Build.0 = Debug|x64
		{716EAEA4-2F8A-418D-A256-F5D476FA3BA3}.Debug|x86.ActiveCfg = Debug|Win32
		{716EAEA4-2F8A-418D-A256-F5D476FA3BA3}.Debug|x86.Build.0 = Debug|Win32
		{716EAEA4-2F8A-418D-A256-F5D476FA3BA3}.Release|x64.ActiveCfg = Release|x64
		{716EAEA4-2F8A-418D-A256-F5D476FA3BA3}.Release|x64.Build.0 = Release|x64
		{716EAEA4-2F8A-418D-A256-F5D476FA3BA3}.Release|x86.ActiveCfg = Release|Win32
		{716EAEA4-2F8A-418D-A256-F5D476FA3BA3}.Release|x86.Build.0 = Release|Win32
	EndGlobalSection
	GlobalSection(SolutionProperties) = preSolution
		HideSolutionNode = FALSE
	EndGlobalSection
	GlobalSection(ExtensibilityGlobals) = postSolution
		SolutionGuid = {345D71F1-9DC6-4405-BC70-A5AFCFA6CB02}
	EndGlobalSection
EndGlobal
