
Microsoft Visual Studio Solution File, Format Version 12.00
# Visual Studio Version 17
VisualStudioVersion = 17.1.32407.343
MinimumVisualStudioVersion = 10.0.40219.1
Project("{8BC9CEB8-8B4A-11D0-8D11-00A0C91BC942}") = "0-1 OpenGl Practice", "0-1 OpenGl Practice\0-1 OpenGl Practice.vcxproj", "{106A23CD-0327-4444-9C69-F1B6B9AF4472}"
EndProject
Project("{8BC9CEB8-8B4A-11D0-8D11-00A0C91BC942}") = "0-2 OpenGL Quick Practice", "0-2 OpenGL Practice - Triangle Fan\0-2 OpenGL Practice - Triangle Fan.vcxproj", "{6F8A17C3-B75B-499A-AA62-0316168B3997}"
EndProject
Project("{8BC9CEB8-8B4A-11D0-8D11-00A0C91BC942}") = "3-5 Milestone Building a 3D Scene", "3-5 Milestone 3D Scene\3-5 Milestone 3D Scene.vcxproj", "{288A13BB-797A-44FF-9B3E-CB190EF03FF7}"
EndProject
Project("{8BC9CEB8-8B4A-11D0-8D11-00A0C91BC942}") = "5-3 Texturing a Pyramid", "5-3 Assignment Texturing a Pyramid\5-3 Assignment Texturing a Pyramid.vcxproj", "{DE36718E-795A-41F9-8B62-F410FCD859BF}"
EndProject
Project("{8BC9CEB8-8B4A-11D0-8D11-00A0C91BC942}") = "2-2 2D Triangles", "2-2 2D Triangles\2-2 2D Triangles.vcxproj", "{82DCD062-B7DA-4E03-8F6A-56760C80EDAC}"
EndProject
Project("{8BC9CEB8-8B4A-11D0-8D11-00A0C91BC942}") = "2-2 Hello Triangles", "2-2 Hello Triangles\2-2 Hello Triangles.vcxproj", "{C5D52865-4C84-4D9C-AD7E-B8A5DE42A821}"
EndProject
Project("{8BC9CEB8-8B4A-11D0-8D11-00A0C91BC942}") = "1-1 OpenGl Sample", "1-1 OpenGl Sample\1-1 OpenGl Sample.vcxproj", "{29298CA9-CEF1-474E-8ED6-03A4B5256EEB}"
EndProject
Project("{8BC9CEB8-8B4A-11D0-8D11-00A0C91BC942}") = "3-3 Building a 3D Pyramid", "3-3 Building a 3D Pyramid\3-3 Building a 3D Pyramid.vcxproj", "{EC98F255-470F-4409-8945-99227386B193}"
EndProject
Project("{8BC9CEB8-8B4A-11D0-8D11-00A0C91BC942}") = "4-3 Assignment Basic Camera Movement", "4-3 Assignment Basic Camera Movement\4-3 Assignment Basic Camera Movement.vcxproj", "{12C17023-C020-46EF-A9A5-1669BB3CFC88}"
EndProject
Project("{8BC9CEB8-8B4A-11D0-8D11-00A0C91BC942}") = "4-5 Milestone Interactivity in a 3D Scene", "4-5 Milestone Interactivity in a 3D Scene\4-5 Milestone Interactivity in a 3D Scene.vcxproj", "{2F968C03-9BFB-4A50-B20A-1F755FB9BAB4}"
EndProject
Project("{8BC9CEB8-8B4A-11D0-8D11-00A0C91BC942}") = "0-3 OpenGl Practice Sphere", "0-3 OpenGl Practice Creating A Sphere\0-3 OpenGl Practice Sphere.vcxproj", "{1B03D7B5-DDE2-4605-A2E0-7EB31661659F}"
EndProject
Project("{8BC9CEB8-8B4A-11D0-8D11-00A0C91BC942}") = "5-5 Milestone Texturing a Complex Object", "5-5 Milestone Texturing a Complex Object\5-5 Milestone Texturing a Complex Object.vcxproj", "{572812E2-D04E-485C-A532-B4AE2D25006E}"
EndProject
Project("{8BC9CEB8-8B4A-11D0-8D11-00A0C91BC942}") = "6-3 Lighting a Pyramid", "6-3 Lighting a Pyramid\6-3 Lighting a Pyramid.vcxproj", "{72B88854-FA6D-40FC-B7A3-BFB9FA512DF3}"
EndProject
Project("{8BC9CEB8-8B4A-11D0-8D11-00A0C91BC942}") = "6-5 Lighting a 3D Scene", "6-5 Lighting a 3D Scene\6-5 Lighting a 3D Scene.vcxproj", "{06DE1506-8298-4A8D-BF58-6C50E5BC7D55}"
EndProject
Project("{8BC9CEB8-8B4A-11D0-8D11-00A0C91BC942}") = "6-6 Shadows", "6-6 Shadows\6-6 Shadows.vcxproj", "{3135CC7A-8041-4C61-B761-C466978886F2}"
EndProject
Project("{8BC9CEB8-8B4A-11D0-8D11-00A0C91BC942}") = "7-1 Final Project - A 3D Scene", "7-1 Final Project - A 3D Scene\7-1 Final Project - A 3D Scene.vcxproj", "{CEE7C69E-05B1-447F-BD85-BF8940682865}"
EndProject
Project("{8BC9CEB8-8B4A-11D0-8D11-00A0C91BC942}") = "7-1 Final Project - A 3D Scene", "8-3 Assignment\8-3 Assignment.vcxproj", "{606A3D45-0E05-4D28-9938-861E09DD968B}"
EndProject
Global
	GlobalSection(SolutionConfigurationPlatforms) = preSolution
		Debug|x64 = Debug|x64
		Debug|x86 = Debug|x86
		Release|x64 = Release|x64
		Release|x86 = Release|x86
	EndGlobalSection
	GlobalSection(ProjectConfigurationPlatforms) = postSolution
		{106A23CD-0327-4444-9C69-F1B6B9AF4472}.Debug|x64.ActiveCfg = Debug|x64
		{106A23CD-0327-4444-9C69-F1B6B9AF4472}.Debug|x64.Build.0 = Debug|x64
		{106A23CD-0327-4444-9C69-F1B6B9AF4472}.Debug|x86.ActiveCfg = Debug|Win32
		{106A23CD-0327-4444-9C69-F1B6B9AF4472}.Debug|x86.Build.0 = Debug|Win32
		{106A23CD-0327-4444-9C69-F1B6B9AF4472}.Release|x64.ActiveCfg = Release|x64
		{106A23CD-0327-4444-9C69-F1B6B9AF4472}.Release|x64.Build.0 = Release|x64
		{106A23CD-0327-4444-9C69-F1B6B9AF4472}.Release|x86.ActiveCfg = Release|Win32
		{106A23CD-0327-4444-9C69-F1B6B9AF4472}.Release|x86.Build.0 = Release|Win32
		{6F8A17C3-B75B-499A-AA62-0316168B3997}.Debug|x64.ActiveCfg = Debug|x64
		{6F8A17C3-B75B-499A-AA62-0316168B3997}.Debug|x64.Build.0 = Debug|x64
		{6F8A17C3-B75B-499A-AA62-0316168B3997}.Debug|x86.ActiveCfg = Debug|Win32
		{6F8A17C3-B75B-499A-AA62-0316168B3997}.Debug|x86.Build.0 = Debug|Win32
		{6F8A17C3-B75B-499A-AA62-0316168B3997}.Release|x64.ActiveCfg = Release|x64
		{6F8A17C3-B75B-499A-AA62-0316168B3997}.Release|x64.Build.0 = Release|x64
		{6F8A17C3-B75B-499A-AA62-0316168B3997}.Release|x86.ActiveCfg = Release|Win32
		{6F8A17C3-B75B-499A-AA62-0316168B3997}.Release|x86.Build.0 = Release|Win32
		{288A13BB-797A-44FF-9B3E-CB190EF03FF7}.Debug|x64.ActiveCfg = Debug|x64
		{288A13BB-797A-44FF-9B3E-CB190EF03FF7}.Debug|x64.Build.0 = Debug|x64
		{288A13BB-797A-44FF-9B3E-CB190EF03FF7}.Debug|x86.ActiveCfg = Debug|Win32
		{288A13BB-797A-44FF-9B3E-CB190EF03FF7}.Debug|x86.Build.0 = Debug|Win32
		{288A13BB-797A-44FF-9B3E-CB190EF03FF7}.Release|x64.ActiveCfg = Release|x64
		{288A13BB-797A-44FF-9B3E-CB190EF03FF7}.Release|x64.Build.0 = Release|x64
		{288A13BB-797A-44FF-9B3E-CB190EF03FF7}.Release|x86.ActiveCfg = Release|Win32
		{288A13BB-797A-44FF-9B3E-CB190EF03FF7}.Release|x86.Build.0 = Release|Win32
		{DE36718E-795A-41F9-8B62-F410FCD859BF}.Debug|x64.ActiveCfg = Debug|x64
		{DE36718E-795A-41F9-8B62-F410FCD859BF}.Debug|x64.Build.0 = Debug|x64
		{DE36718E-795A-41F9-8B62-F410FCD859BF}.Debug|x86.ActiveCfg = Debug|Win32
		{DE36718E-795A-41F9-8B62-F410FCD859BF}.Debug|x86.Build.0 = Debug|Win32
		{DE36718E-795A-41F9-8B62-F410FCD859BF}.Release|x64.ActiveCfg = Release|x64
		{DE36718E-795A-41F9-8B62-F410FCD859BF}.Release|x64.Build.0 = Release|x64
		{DE36718E-795A-41F9-8B62-F410FCD859BF}.Release|x86.ActiveCfg = Release|Win32
		{DE36718E-795A-41F9-8B62-F410FCD859BF}.Release|x86.Build.0 = Release|Win32
		{82DCD062-B7DA-4E03-8F6A-56760C80EDAC}.Debug|x64.ActiveCfg = Debug|x64
		{82DCD062-B7DA-4E03-8F6A-56760C80EDAC}.Debug|x64.Build.0 = Debug|x64
		{82DCD062-B7DA-4E03-8F6A-56760C80EDAC}.Debug|x86.ActiveCfg = Debug|Win32
		{82DCD062-B7DA-4E03-8F6A-56760C80EDAC}.Debug|x86.Build.0 = Debug|Win32
		{82DCD062-B7DA-4E03-8F6A-56760C80EDAC}.Release|x64.ActiveCfg = Release|x64
		{82DCD062-B7DA-4E03-8F6A-56760C80EDAC}.Release|x64.Build.0 = Release|x64
		{82DCD062-B7DA-4E03-8F6A-56760C80EDAC}.Release|x86.ActiveCfg = Release|Win32
		{82DCD062-B7DA-4E03-8F6A-56760C80EDAC}.Release|x86.Build.0 = Release|Win32
		{C5D52865-4C84-4D9C-AD7E-B8A5DE42A821}.Debug|x64.ActiveCfg = Debug|x64
		{C5D52865-4C84-4D9C-AD7E-B8A5DE42A821}.Debug|x64.Build.0 = Debug|x64
		{C5D52865-4C84-4D9C-AD7E-B8A5DE42A821}.Debug|x86.ActiveCfg = Debug|Win32
		{C5D52865-4C84-4D9C-AD7E-B8A5DE42A821}.Debug|x86.Build.0 = Debug|Win32
		{C5D52865-4C84-4D9C-AD7E-B8A5DE42A821}.Release|x64.ActiveCfg = Release|x64
		{C5D52865-4C84-4D9C-AD7E-B8A5DE42A821}.Release|x64.Build.0 = Release|x64
		{C5D52865-4C84-4D9C-AD7E-B8A5DE42A821}.Release|x86.ActiveCfg = Release|Win32
		{C5D52865-4C84-4D9C-AD7E-B8A5DE42A821}.Release|x86.Build.0 = Release|Win32
		{29298CA9-CEF1-474E-8ED6-03A4B5256EEB}.Debug|x64.ActiveCfg = Debug|x64
		{29298CA9-CEF1-474E-8ED6-03A4B5256EEB}.Debug|x64.Build.0 = Debug|x64
		{29298CA9-CEF1-474E-8ED6-03A4B5256EEB}.Debug|x86.ActiveCfg = Debug|Win32
		{29298CA9-CEF1-474E-8ED6-03A4B5256EEB}.Debug|x86.Build.0 = Debug|Win32
		{29298CA9-CEF1-474E-8ED6-03A4B5256EEB}.Release|x64.ActiveCfg = Release|x64
		{29298CA9-CEF1-474E-8ED6-03A4B5256EEB}.Release|x64.Build.0 = Release|x64
		{29298CA9-CEF1-474E-8ED6-03A4B5256EEB}.Release|x86.ActiveCfg = Release|Win32
		{29298CA9-CEF1-474E-8ED6-03A4B5256EEB}.Release|x86.Build.0 = Release|Win32
		{EC98F255-470F-4409-8945-99227386B193}.Debug|x64.ActiveCfg = Debug|x64
		{EC98F255-470F-4409-8945-99227386B193}.Debug|x64.Build.0 = Debug|x64
		{EC98F255-470F-4409-8945-99227386B193}.Debug|x86.ActiveCfg = Debug|Win32
		{EC98F255-470F-4409-8945-99227386B193}.Debug|x86.Build.0 = Debug|Win32
		{EC98F255-470F-4409-8945-99227386B193}.Release|x64.ActiveCfg = Release|x64
		{EC98F255-470F-4409-8945-99227386B193}.Release|x64.Build.0 = Release|x64
		{EC98F255-470F-4409-8945-99227386B193}.Release|x86.ActiveCfg = Release|Win32
		{EC98F255-470F-4409-8945-99227386B193}.Release|x86.Build.0 = Release|Win32
		{12C17023-C020-46EF-A9A5-1669BB3CFC88}.Debug|x64.ActiveCfg = Debug|x64
		{12C17023-C020-46EF-A9A5-1669BB3CFC88}.Debug|x64.Build.0 = Debug|x64
		{12C17023-C020-46EF-A9A5-1669BB3CFC88}.Debug|x86.ActiveCfg = Debug|Win32
		{12C17023-C020-46EF-A9A5-1669BB3CFC88}.Debug|x86.Build.0 = Debug|Win32
		{12C17023-C020-46EF-A9A5-1669BB3CFC88}.Release|x64.ActiveCfg = Release|x64
		{12C17023-C020-46EF-A9A5-1669BB3CFC88}.Release|x64.Build.0 = Release|x64
		{12C17023-C020-46EF-A9A5-1669BB3CFC88}.Release|x86.ActiveCfg = Release|Win32
		{12C17023-C020-46EF-A9A5-1669BB3CFC88}.Release|x86.Build.0 = Release|Win32
		{2F968C03-9BFB-4A50-B20A-1F755FB9BAB4}.Debug|x64.ActiveCfg = Debug|x64
		{2F968C03-9BFB-4A50-B20A-1F755FB9BAB4}.Debug|x64.Build.0 = Debug|x64
		{2F968C03-9BFB-4A50-B20A-1F755FB9BAB4}.Debug|x86.ActiveCfg = Debug|Win32
		{2F968C03-9BFB-4A50-B20A-1F755FB9BAB4}.Debug|x86.Build.0 = Debug|Win32
		{2F968C03-9BFB-4A50-B20A-1F755FB9BAB4}.Release|x64.ActiveCfg = Release|x64
		{2F968C03-9BFB-4A50-B20A-1F755FB9BAB4}.Release|x64.Build.0 = Release|x64
		{2F968C03-9BFB-4A50-B20A-1F755FB9BAB4}.Release|x86.ActiveCfg = Release|Win32
		{2F968C03-9BFB-4A50-B20A-1F755FB9BAB4}.Release|x86.Build.0 = Release|Win32
		{1B03D7B5-DDE2-4605-A2E0-7EB31661659F}.Debug|x64.ActiveCfg = Debug|x64
		{1B03D7B5-DDE2-4605-A2E0-7EB31661659F}.Debug|x64.Build.0 = Debug|x64
		{1B03D7B5-DDE2-4605-A2E0-7EB31661659F}.Debug|x86.ActiveCfg = Debug|Win32
		{1B03D7B5-DDE2-4605-A2E0-7EB31661659F}.Debug|x86.Build.0 = Debug|Win32
		{1B03D7B5-DDE2-4605-A2E0-7EB31661659F}.Release|x64.ActiveCfg = Release|x64
		{1B03D7B5-DDE2-4605-A2E0-7EB31661659F}.Release|x64.Build.0 = Release|x64
		{1B03D7B5-DDE2-4605-A2E0-7EB31661659F}.Release|x86.ActiveCfg = Release|Win32
		{1B03D7B5-DDE2-4605-A2E0-7EB31661659F}.Release|x86.Build.0 = Release|Win32
		{572812E2-D04E-485C-A532-B4AE2D25006E}.Debug|x64.ActiveCfg = Debug|x64
		{572812E2-D04E-485C-A532-B4AE2D25006E}.Debug|x64.Build.0 = Debug|x64
		{572812E2-D04E-485C-A532-B4AE2D25006E}.Debug|x86.ActiveCfg = Debug|Win32
		{572812E2-D04E-485C-A532-B4AE2D25006E}.Debug|x86.Build.0 = Debug|Win32
		{572812E2-D04E-485C-A532-B4AE2D25006E}.Release|x64.ActiveCfg = Release|x64
		{572812E2-D04E-485C-A532-B4AE2D25006E}.Release|x64.Build.0 = Release|x64
		{572812E2-D04E-485C-A532-B4AE2D25006E}.Release|x86.ActiveCfg = Release|Win32
		{572812E2-D04E-485C-A532-B4AE2D25006E}.Release|x86.Build.0 = Release|Win32
		{72B88854-FA6D-40FC-B7A3-BFB9FA512DF3}.Debug|x64.ActiveCfg = Debug|x64
		{72B88854-FA6D-40FC-B7A3-BFB9FA512DF3}.Debug|x64.Build.0 = Debug|x64
		{72B88854-FA6D-40FC-B7A3-BFB9FA512DF3}.Debug|x86.ActiveCfg = Debug|Win32
		{72B88854-FA6D-40FC-B7A3-BFB9FA512DF3}.Debug|x86.Build.0 = Debug|Win32
		{72B88854-FA6D-40FC-B7A3-BFB9FA512DF3}.Release|x64.ActiveCfg = Release|x64
		{72B88854-FA6D-40FC-B7A3-BFB9FA512DF3}.Release|x64.Build.0 = Release|x64
		{72B88854-FA6D-40FC-B7A3-BFB9FA512DF3}.Release|x86.ActiveCfg = Release|Win32
		{72B88854-FA6D-40FC-B7A3-BFB9FA512DF3}.Release|x86.Build.0 = Release|Win32
		{06DE1506-8298-4A8D-BF58-6C50E5BC7D55}.Debug|x64.ActiveCfg = Debug|x64
		{06DE1506-8298-4A8D-BF58-6C50E5BC7D55}.Debug|x64.Build.0 = Debug|x64
		{06DE1506-8298-4A8D-BF58-6C50E5BC7D55}.Debug|x86.ActiveCfg = Debug|Win32
		{06DE1506-8298-4A8D-BF58-6C50E5BC7D55}.Debug|x86.Build.0 = Debug|Win32
		{06DE1506-8298-4A8D-BF58-6C50E5BC7D55}.Release|x64.ActiveCfg = Release|x64
		{06DE1506-8298-4A8D-BF58-6C50E5BC7D55}.Release|x64.Build.0 = Release|x64
		{06DE1506-8298-4A8D-BF58-6C50E5BC7D55}.Release|x86.ActiveCfg = Release|Win32
		{06DE1506-8298-4A8D-BF58-6C50E5BC7D55}.Release|x86.Build.0 = Release|Win32
		{3135CC7A-8041-4C61-B761-C466978886F2}.Debug|x64.ActiveCfg = Debug|x64
		{3135CC7A-8041-4C61-B761-C466978886F2}.Debug|x64.Build.0 = Debug|x64
		{3135CC7A-8041-4C61-B761-C466978886F2}.Debug|x86.ActiveCfg = Debug|Win32
		{3135CC7A-8041-4C61-B761-C466978886F2}.Debug|x86.Build.0 = Debug|Win32
		{3135CC7A-8041-4C61-B761-C466978886F2}.Release|x64.ActiveCfg = Release|x64
		{3135CC7A-8041-4C61-B761-C466978886F2}.Release|x64.Build.0 = Release|x64
		{3135CC7A-8041-4C61-B761-C466978886F2}.Release|x86.ActiveCfg = Release|Win32
		{3135CC7A-8041-4C61-B761-C466978886F2}.Release|x86.Build.0 = Release|Win32
		{CEE7C69E-05B1-447F-BD85-BF8940682865}.Debug|x64.ActiveCfg = Debug|x64
		{CEE7C69E-05B1-447F-BD85-BF8940682865}.Debug|x64.Build.0 = Debug|x64
		{CEE7C69E-05B1-447F-BD85-BF8940682865}.Debug|x86.ActiveCfg = Debug|Win32
		{CEE7C69E-05B1-447F-BD85-BF8940682865}.Debug|x86.Build.0 = Debug|Win32
		{CEE7C69E-05B1-447F-BD85-BF8940682865}.Release|x64.ActiveCfg = Release|x64
		{CEE7C69E-05B1-447F-BD85-BF8940682865}.Release|x64.Build.0 = Release|x64
		{CEE7C69E-05B1-447F-BD85-BF8940682865}.Release|x86.ActiveCfg = Release|Win32
		{CEE7C69E-05B1-447F-BD85-BF8940682865}.Release|x86.Build.0 = Release|Win32
		{606A3D45-0E05-4D28-9938-861E09DD968B}.Debug|x64.ActiveCfg = Debug|x64
		{606A3D45-0E05-4D28-9938-861E09DD968B}.Debug|x64.Build.0 = Debug|x64
		{606A3D45-0E05-4D28-9938-861E09DD968B}.Debug|x86.ActiveCfg = Debug|Win32
		{606A3D45-0E05-4D28-9938-861E09DD968B}.Debug|x86.Build.0 = Debug|Win32
		{606A3D45-0E05-4D28-9938-861E09DD968B}.Release|x64.ActiveCfg = Release|x64
		{606A3D45-0E05-4D28-9938-861E09DD968B}.Release|x64.Build.0 = Release|x64
		{606A3D45-0E05-4D28-9938-861E09DD968B}.Release|x86.ActiveCfg = Release|Win32
		{606A3D45-0E05-4D28-9938-861E09DD968B}.Release|x86.Build.0 = Release|Win32
	EndGlobalSection
	GlobalSection(SolutionProperties) = preSolution
		HideSolutionNode = FALSE
	EndGlobalSection
	GlobalSection(ExtensibilityGlobals) = postSolution
		SolutionGuid = {345D71F1-9DC6-4405-BC70-A5AFCFA6CB02}
	EndGlobalSection
EndGlobal
